
Microsoft Visual Studio Solution File, Format Version 12.00
# Visual Studio Version 16
VisualStudioVersion = 16.0.30907.101
MinimumVisualStudioVersion = 10.0.40219.1
Project("{FAE04EC0-301F-11D3-BF4B-00C04F79EFBC}") = "TaskConcept", "TaskConcept\TaskConcept.csproj", "{C961E023-43B4-47C9-BEF2-A406D4552E12}"
EndProject
Global
	GlobalSection(SolutionConfigurationPlatforms) = preSolution
		Debug|Any CPU = Debug|Any CPU
		Release|Any CPU = Release|Any CPU
	EndGlobalSection
	GlobalSection(ProjectConfigurationPlatforms) = postSolution
		{C961E023-43B4-47C9-BEF2-A406D4552E12}.Debug|Any CPU.ActiveCfg = Debug|Any CPU
		{C961E023-43B4-47C9-BEF2-A406D4552E12}.Debug|Any CPU.Build.0 = Debug|Any CPU
		{C961E023-43B4-47C9-BEF2-A406D4552E12}.Release|Any CPU.ActiveCfg = Release|Any CPU
		{C961E023-43B4-47C9-BEF2-A406D4552E12}.Release|Any CPU.Build.0 = Release|Any CPU
	EndGlobalSection
	GlobalSection(SolutionProperties) = preSolution
		HideSolutionNode = FALSE
	EndGlobalSection
	GlobalSection(ExtensibilityGlobals) = postSolution
		SolutionGuid = {8FD125E0-A1B3-4681-94F7-4408D395CE9C}
	EndGlobalSection
EndGlobal
